// !$*UTF8*$!
{
	archiveVersion = 1;
	classes = {
	};
	objectVersion = 46;
	objects = {

/* Begin PBXBuildFile section */
		09D48DF27E679FEFA6B94029 /* Pods_PokeFinder.framework in Frameworks */ = {isa = PBXBuildFile; fileRef = 199725EB4C87BEB02898E30D /* Pods_PokeFinder.framework */; };
		29EBA3301DE714BB00A86213 /* AppDelegate.swift in Sources */ = {isa = PBXBuildFile; fileRef = 29EBA32F1DE714BB00A86213 /* AppDelegate.swift */; };
		29EBA3321DE714BB00A86213 /* ViewController.swift in Sources */ = {isa = PBXBuildFile; fileRef = 29EBA3311DE714BB00A86213 /* ViewController.swift */; };
		29EBA3351DE714BB00A86213 /* Main.storyboard in Resources */ = {isa = PBXBuildFile; fileRef = 29EBA3331DE714BB00A86213 /* Main.storyboard */; };
		29EBA3371DE714BB00A86213 /* Assets.xcassets in Resources */ = {isa = PBXBuildFile; fileRef = 29EBA3361DE714BB00A86213 /* Assets.xcassets */; };
		29EBA33A1DE714BB00A86213 /* LaunchScreen.storyboard in Resources */ = {isa = PBXBuildFile; fileRef = 29EBA3381DE714BB00A86213 /* LaunchScreen.storyboard */; };
		29EBA3441DE7598800A86213 /* GoogleService-Info.plist in Resources */ = {isa = PBXBuildFile; fileRef = 29EBA3431DE7598800A86213 /* GoogleService-Info.plist */; };
		29EBA3591DE764CB00A86213 /* GeoFire.m in Sources */ = {isa = PBXBuildFile; fileRef = 29EBA3501DE764CB00A86213 /* GeoFire.m */; };
		29EBA35A1DE764CB00A86213 /* GFBase32Utils.m in Sources */ = {isa = PBXBuildFile; fileRef = 29EBA3521DE764CB00A86213 /* GFBase32Utils.m */; };
		29EBA35B1DE764CB00A86213 /* GFGeoHash.m in Sources */ = {isa = PBXBuildFile; fileRef = 29EBA3541DE764CB00A86213 /* GFGeoHash.m */; };
		29EBA35C1DE764CB00A86213 /* GFGeoHashQuery.m in Sources */ = {isa = PBXBuildFile; fileRef = 29EBA3561DE764CB00A86213 /* GFGeoHashQuery.m */; };
		29EBA35D1DE764CB00A86213 /* GFQuery.m in Sources */ = {isa = PBXBuildFile; fileRef = 29EBA3581DE764CB00A86213 /* GFQuery.m */; };
/* End PBXBuildFile section */

/* Begin PBXFileReference section */
		199725EB4C87BEB02898E30D /* Pods_PokeFinder.framework */ = {isa = PBXFileReference; explicitFileType = wrapper.framework; includeInIndex = 0; path = Pods_PokeFinder.framework; sourceTree = BUILT_PRODUCTS_DIR; };
		29EBA32C1DE714BB00A86213 /* PokeFinder.app */ = {isa = PBXFileReference; explicitFileType = wrapper.application; includeInIndex = 0; path = PokeFinder.app; sourceTree = BUILT_PRODUCTS_DIR; };
		29EBA32F1DE714BB00A86213 /* AppDelegate.swift */ = {isa = PBXFileReference; lastKnownFileType = sourcecode.swift; path = AppDelegate.swift; sourceTree = "<group>"; };
		29EBA3311DE714BB00A86213 /* ViewController.swift */ = {isa = PBXFileReference; lastKnownFileType = sourcecode.swift; path = ViewController.swift; sourceTree = "<group>"; };
		29EBA3341DE714BB00A86213 /* Base */ = {isa = PBXFileReference; lastKnownFileType = file.storyboard; name = Base; path = Base.lproj/Main.storyboard; sourceTree = "<group>"; };
		29EBA3361DE714BB00A86213 /* Assets.xcassets */ = {isa = PBXFileReference; lastKnownFileType = folder.assetcatalog; path = Assets.xcassets; sourceTree = "<group>"; };
		29EBA3391DE714BB00A86213 /* Base */ = {isa = PBXFileReference; lastKnownFileType = file.storyboard; name = Base; path = Base.lproj/LaunchScreen.storyboard; sourceTree = "<group>"; };
		29EBA33B1DE714BB00A86213 /* Info.plist */ = {isa = PBXFileReference; lastKnownFileType = text.plist.xml; path = Info.plist; sourceTree = "<group>"; };
		29EBA3431DE7598800A86213 /* GoogleService-Info.plist */ = {isa = PBXFileReference; fileEncoding = 4; lastKnownFileType = text.plist.xml; path = "GoogleService-Info.plist"; sourceTree = "<group>"; };
		29EBA3491DE764CB00A86213 /* GeoFire.h */ = {isa = PBXFileReference; fileEncoding = 4; lastKnownFileType = sourcecode.c.h; path = GeoFire.h; sourceTree = "<group>"; };
		29EBA34A1DE764CB00A86213 /* GFCircleQuery.h */ = {isa = PBXFileReference; fileEncoding = 4; lastKnownFileType = sourcecode.c.h; path = GFCircleQuery.h; sourceTree = "<group>"; };
		29EBA34B1DE764CB00A86213 /* GFQuery.h */ = {isa = PBXFileReference; fileEncoding = 4; lastKnownFileType = sourcecode.c.h; path = GFQuery.h; sourceTree = "<group>"; };
		29EBA34C1DE764CB00A86213 /* GFRegionQuery.h */ = {isa = PBXFileReference; fileEncoding = 4; lastKnownFileType = sourcecode.c.h; path = GFRegionQuery.h; sourceTree = "<group>"; };
		29EBA34D1DE764CB00A86213 /* GeoFire-Prefix.pch */ = {isa = PBXFileReference; fileEncoding = 4; lastKnownFileType = sourcecode.c.h; path = "GeoFire-Prefix.pch"; sourceTree = "<group>"; };
		29EBA34F1DE764CB00A86213 /* GeoFire+Private.h */ = {isa = PBXFileReference; fileEncoding = 4; lastKnownFileType = sourcecode.c.h; path = "GeoFire+Private.h"; sourceTree = "<group>"; };
		29EBA3501DE764CB00A86213 /* GeoFire.m */ = {isa = PBXFileReference; fileEncoding = 4; lastKnownFileType = sourcecode.c.objc; path = GeoFire.m; sourceTree = "<group>"; };
		29EBA3511DE764CB00A86213 /* GFBase32Utils.h */ = {isa = PBXFileReference; fileEncoding = 4; lastKnownFileType = sourcecode.c.h; path = GFBase32Utils.h; sourceTree = "<group>"; };
		29EBA3521DE764CB00A86213 /* GFBase32Utils.m */ = {isa = PBXFileReference; fileEncoding = 4; lastKnownFileType = sourcecode.c.objc; path = GFBase32Utils.m; sourceTree = "<group>"; };
		29EBA3531DE764CB00A86213 /* GFGeoHash.h */ = {isa = PBXFileReference; fileEncoding = 4; lastKnownFileType = sourcecode.c.h; path = GFGeoHash.h; sourceTree = "<group>"; };
		29EBA3541DE764CB00A86213 /* GFGeoHash.m */ = {isa = PBXFileReference; fileEncoding = 4; lastKnownFileType = sourcecode.c.objc; path = GFGeoHash.m; sourceTree = "<group>"; };
		29EBA3551DE764CB00A86213 /* GFGeoHashQuery.h */ = {isa = PBXFileReference; fileEncoding = 4; lastKnownFileType = sourcecode.c.h; path = GFGeoHashQuery.h; sourceTree = "<group>"; };
		29EBA3561DE764CB00A86213 /* GFGeoHashQuery.m */ = {isa = PBXFileReference; fileEncoding = 4; lastKnownFileType = sourcecode.c.objc; path = GFGeoHashQuery.m; sourceTree = "<group>"; };
		29EBA3571DE764CB00A86213 /* GFQuery+Private.h */ = {isa = PBXFileReference; fileEncoding = 4; lastKnownFileType = sourcecode.c.h; path = "GFQuery+Private.h"; sourceTree = "<group>"; };
		29EBA3581DE764CB00A86213 /* GFQuery.m */ = {isa = PBXFileReference; fileEncoding = 4; lastKnownFileType = sourcecode.c.objc; path = GFQuery.m; sourceTree = "<group>"; };
		29EBA35E1DE7661800A86213 /* Pokefinder-Bridge-Header.h */ = {isa = PBXFileReference; fileEncoding = 4; lastKnownFileType = sourcecode.c.h; path = "Pokefinder-Bridge-Header.h"; sourceTree = "<group>"; };
		34E71BF0DCC62082C7F6EB6B /* Pods-PokeFinder.debug.xcconfig */ = {isa = PBXFileReference; includeInIndex = 1; lastKnownFileType = text.xcconfig; name = "Pods-PokeFinder.debug.xcconfig"; path = "Pods/Target Support Files/Pods-PokeFinder/Pods-PokeFinder.debug.xcconfig"; sourceTree = "<group>"; };
		B817F205C6DA43AFD4927D05 /* Pods-PokeFinder.release.xcconfig */ = {isa = PBXFileReference; includeInIndex = 1; lastKnownFileType = text.xcconfig; name = "Pods-PokeFinder.release.xcconfig"; path = "Pods/Target Support Files/Pods-PokeFinder/Pods-PokeFinder.release.xcconfig"; sourceTree = "<group>"; };
/* End PBXFileReference section */

/* Begin PBXFrameworksBuildPhase section */
		29EBA3291DE714BB00A86213 /* Frameworks */ = {
			isa = PBXFrameworksBuildPhase;
			buildActionMask = 2147483647;
			files = (
				09D48DF27E679FEFA6B94029 /* Pods_PokeFinder.framework in Frameworks */,
			);
			runOnlyForDeploymentPostprocessing = 0;
		};
/* End PBXFrameworksBuildPhase section */

/* Begin PBXGroup section */
		29EBA3231DE714BB00A86213 = {
			isa = PBXGroup;
			children = (
				29EBA32E1DE714BB00A86213 /* PokeFinder */,
				29EBA32D1DE714BB00A86213 /* Products */,
				88FE6DEF24F82B6F6CB8E859 /* Pods */,
				378D7776FC48E58E06650451 /* Frameworks */,
			);
			sourceTree = "<group>";
		};
		29EBA32D1DE714BB00A86213 /* Products */ = {
			isa = PBXGroup;
			children = (
				29EBA32C1DE714BB00A86213 /* PokeFinder.app */,
			);
			name = Products;
			sourceTree = "<group>";
		};
		29EBA32E1DE714BB00A86213 /* PokeFinder */ = {
			isa = PBXGroup;
			children = (
				29EBA3471DE764CB00A86213 /* GeoFire */,
				29EBA32F1DE714BB00A86213 /* AppDelegate.swift */,
				29EBA3311DE714BB00A86213 /* ViewController.swift */,
				29EBA3331DE714BB00A86213 /* Main.storyboard */,
				29EBA3361DE714BB00A86213 /* Assets.xcassets */,
				29EBA3381DE714BB00A86213 /* LaunchScreen.storyboard */,
				29EBA33B1DE714BB00A86213 /* Info.plist */,
				29EBA3431DE7598800A86213 /* GoogleService-Info.plist */,
				29EBA35E1DE7661800A86213 /* Pokefinder-Bridge-Header.h */,
			);
			path = PokeFinder;
			sourceTree = "<group>";
		};
		29EBA3471DE764CB00A86213 /* GeoFire */ = {
			isa = PBXGroup;
			children = (
				29EBA3481DE764CB00A86213 /* API */,
				29EBA34D1DE764CB00A86213 /* GeoFire-Prefix.pch */,
				29EBA34E1DE764CB00A86213 /* Implementation */,
			);
			path = GeoFire;
			sourceTree = "<group>";
		};
		29EBA3481DE764CB00A86213 /* API */ = {
			isa = PBXGroup;
			children = (
				29EBA3491DE764CB00A86213 /* GeoFire.h */,
				29EBA34A1DE764CB00A86213 /* GFCircleQuery.h */,
				29EBA34B1DE764CB00A86213 /* GFQuery.h */,
				29EBA34C1DE764CB00A86213 /* GFRegionQuery.h */,
			);
			path = API;
			sourceTree = "<group>";
		};
		29EBA34E1DE764CB00A86213 /* Implementation */ = {
			isa = PBXGroup;
			children = (
				29EBA34F1DE764CB00A86213 /* GeoFire+Private.h */,
				29EBA3501DE764CB00A86213 /* GeoFire.m */,
				29EBA3511DE764CB00A86213 /* GFBase32Utils.h */,
				29EBA3521DE764CB00A86213 /* GFBase32Utils.m */,
				29EBA3531DE764CB00A86213 /* GFGeoHash.h */,
				29EBA3541DE764CB00A86213 /* GFGeoHash.m */,
				29EBA3551DE764CB00A86213 /* GFGeoHashQuery.h */,
				29EBA3561DE764CB00A86213 /* GFGeoHashQuery.m */,
				29EBA3571DE764CB00A86213 /* GFQuery+Private.h */,
				29EBA3581DE764CB00A86213 /* GFQuery.m */,
			);
			path = Implementation;
			sourceTree = "<group>";
		};
		378D7776FC48E58E06650451 /* Frameworks */ = {
			isa = PBXGroup;
			children = (
				199725EB4C87BEB02898E30D /* Pods_PokeFinder.framework */,
			);
			name = Frameworks;
			sourceTree = "<group>";
		};
		88FE6DEF24F82B6F6CB8E859 /* Pods */ = {
			isa = PBXGroup;
			children = (
				34E71BF0DCC62082C7F6EB6B /* Pods-PokeFinder.debug.xcconfig */,
				B817F205C6DA43AFD4927D05 /* Pods-PokeFinder.release.xcconfig */,
			);
			name = Pods;
			sourceTree = "<group>";
		};
/* End PBXGroup section */

/* Begin PBXNativeTarget section */
		29EBA32B1DE714BB00A86213 /* PokeFinder */ = {
			isa = PBXNativeTarget;
			buildConfigurationList = 29EBA33E1DE714BB00A86213 /* Build configuration list for PBXNativeTarget "PokeFinder" */;
			buildPhases = (
				DE3AE50B6986B3EB9598DD4E /* [CP] Check Pods Manifest.lock */,
				29EBA3281DE714BB00A86213 /* Sources */,
				29EBA3291DE714BB00A86213 /* Frameworks */,
				29EBA32A1DE714BB00A86213 /* Resources */,
				504BF670A50E5C394450D3B6 /* [CP] Embed Pods Frameworks */,
				2B22A078768DD3982FDD45D3 /* [CP] Copy Pods Resources */,
			);
			buildRules = (
			);
			dependencies = (
			);
			name = PokeFinder;
			productName = PokeFinder;
			productReference = 29EBA32C1DE714BB00A86213 /* PokeFinder.app */;
			productType = "com.apple.product-type.application";
		};
/* End PBXNativeTarget section */

/* Begin PBXProject section */
		29EBA3241DE714BB00A86213 /* Project object */ = {
			isa = PBXProject;
			attributes = {
				LastSwiftUpdateCheck = 0810;
				LastUpgradeCheck = 0810;
				ORGANIZATIONNAME = Codecture;
				TargetAttributes = {
					29EBA32B1DE714BB00A86213 = {
						CreatedOnToolsVersion = 8.1;
						DevelopmentTeam = R2HK8875FX;
						ProvisioningStyle = Automatic;
					};
				};
			};
			buildConfigurationList = 29EBA3271DE714BB00A86213 /* Build configuration list for PBXProject "PokeFinder" */;
			compatibilityVersion = "Xcode 3.2";
			developmentRegion = English;
			hasScannedForEncodings = 0;
			knownRegions = (
				en,
				Base,
			);
			mainGroup = 29EBA3231DE714BB00A86213;
			productRefGroup = 29EBA32D1DE714BB00A86213 /* Products */;
			projectDirPath = "";
			projectRoot = "";
			targets = (
				29EBA32B1DE714BB00A86213 /* PokeFinder */,
			);
		};
/* End PBXProject section */

/* Begin PBXResourcesBuildPhase section */
		29EBA32A1DE714BB00A86213 /* Resources */ = {
			isa = PBXResourcesBuildPhase;
			buildActionMask = 2147483647;
			files = (
				29EBA33A1DE714BB00A86213 /* LaunchScreen.storyboard in Resources */,
				29EBA3441DE7598800A86213 /* GoogleService-Info.plist in Resources */,
				29EBA3371DE714BB00A86213 /* Assets.xcassets in Resources */,
				29EBA3351DE714BB00A86213 /* Main.storyboard in Resources */,
			);
			runOnlyForDeploymentPostprocessing = 0;
		};
/* End PBXResourcesBuildPhase section */

/* Begin PBXShellScriptBuildPhase section */
		2B22A078768DD3982FDD45D3 /* [CP] Copy Pods Resources */ = {
			isa = PBXShellScriptBuildPhase;
			buildActionMask = 2147483647;
			files = (
			);
			inputPaths = (
			);
			name = "[CP] Copy Pods Resources";
			outputPaths = (
			);
			runOnlyForDeploymentPostprocessing = 0;
			shellPath = /bin/sh;
			shellScript = "\"${SRCROOT}/Pods/Target Support Files/Pods-PokeFinder/Pods-PokeFinder-resources.sh\"\n";
			showEnvVarsInLog = 0;
		};
		504BF670A50E5C394450D3B6 /* [CP] Embed Pods Frameworks */ = {
			isa = PBXShellScriptBuildPhase;
			buildActionMask = 2147483647;
			files = (
			);
			inputPaths = (
			);
			name = "[CP] Embed Pods Frameworks";
			outputPaths = (
			);
			runOnlyForDeploymentPostprocessing = 0;
			shellPath = /bin/sh;
			shellScript = "\"${SRCROOT}/Pods/Target Support Files/Pods-PokeFinder/Pods-PokeFinder-frameworks.sh\"\n";
			showEnvVarsInLog = 0;
		};
		DE3AE50B6986B3EB9598DD4E /* [CP] Check Pods Manifest.lock */ = {
			isa = PBXShellScriptBuildPhase;
			buildActionMask = 2147483647;
			files = (
			);
			inputPaths = (
			);
			name = "[CP] Check Pods Manifest.lock";
			outputPaths = (
			);
			runOnlyForDeploymentPostprocessing = 0;
			shellPath = /bin/sh;
			shellScript = "diff \"${PODS_ROOT}/../Podfile.lock\" \"${PODS_ROOT}/Manifest.lock\" > /dev/null\nif [ $? != 0 ] ; then\n    # print error to STDERR\n    echo \"error: The sandbox is not in sync with the Podfile.lock. Run 'pod install' or update your CocoaPods installation.\" >&2\n    exit 1\nfi\n";
			showEnvVarsInLog = 0;
		};
/* End PBXShellScriptBuildPhase section */

/* Begin PBXSourcesBuildPhase section */
		29EBA3281DE714BB00A86213 /* Sources */ = {
			isa = PBXSourcesBuildPhase;
			buildActionMask = 2147483647;
			files = (
				29EBA35A1DE764CB00A86213 /* GFBase32Utils.m in Sources */,
				29EBA3321DE714BB00A86213 /* ViewController.swift in Sources */,
				29EBA35B1DE764CB00A86213 /* GFGeoHash.m in Sources */,
				29EBA3301DE714BB00A86213 /* AppDelegate.swift in Sources */,
				29EBA3591DE764CB00A86213 /* GeoFire.m in Sources */,
				29EBA35C1DE764CB00A86213 /* GFGeoHashQuery.m in Sources */,
				29EBA35D1DE764CB00A86213 /* GFQuery.m in Sources */,
			);
			runOnlyForDeploymentPostprocessing = 0;
		};
/* End PBXSourcesBuildPhase section */

/* Begin PBXVariantGroup section */
		29EBA3331DE714BB00A86213 /* Main.storyboard */ = {
			isa = PBXVariantGroup;
			children = (
				29EBA3341DE714BB00A86213 /* Base */,
			);
			name = Main.storyboard;
			sourceTree = "<group>";
		};
		29EBA3381DE714BB00A86213 /* LaunchScreen.storyboard */ = {
			isa = PBXVariantGroup;
			children = (
				29EBA3391DE714BB00A86213 /* Base */,
			);
			name = LaunchScreen.storyboard;
			sourceTree = "<group>";
		};
/* End PBXVariantGroup section */

/* Begin XCBuildConfiguration section */
		29EBA33C1DE714BB00A86213 /* Debug */ = {
			isa = XCBuildConfiguration;
			buildSettings = {
				ALWAYS_SEARCH_USER_PATHS = NO;
				CLANG_ANALYZER_NONNULL = YES;
				CLANG_CXX_LANGUAGE_STANDARD = "gnu++0x";
				CLANG_CXX_LIBRARY = "libc++";
				CLANG_ENABLE_MODULES = YES;
				CLANG_ENABLE_OBJC_ARC = YES;
				CLANG_WARN_BOOL_CONVERSION = YES;
				CLANG_WARN_CONSTANT_CONVERSION = YES;
				CLANG_WARN_DIRECT_OBJC_ISA_USAGE = YES_ERROR;
				CLANG_WARN_DOCUMENTATION_COMMENTS = YES;
				CLANG_WARN_EMPTY_BODY = YES;
				CLANG_WARN_ENUM_CONVERSION = YES;
				CLANG_WARN_INFINITE_RECURSION = YES;
				CLANG_WARN_INT_CONVERSION = YES;
				CLANG_WARN_OBJC_ROOT_CLASS = YES_ERROR;
				CLANG_WARN_SUSPICIOUS_MOVES = YES;
				CLANG_WARN_UNREACHABLE_CODE = YES;
				CLANG_WARN__DUPLICATE_METHOD_MATCH = YES;
				"CODE_SIGN_IDENTITY[sdk=iphoneos*]" = "iPhone Developer";
				COPY_PHASE_STRIP = NO;
				DEBUG_INFORMATION_FORMAT = dwarf;
				ENABLE_STRICT_OBJC_MSGSEND = YES;
				ENABLE_TESTABILITY = YES;
				GCC_C_LANGUAGE_STANDARD = gnu99;
				GCC_DYNAMIC_NO_PIC = NO;
				GCC_NO_COMMON_BLOCKS = YES;
				GCC_OPTIMIZATION_LEVEL = 0;
				GCC_PREPROCESSOR_DEFINITIONS = (
					"DEBUG=1",
					"$(inherited)",
				);
				GCC_WARN_64_TO_32_BIT_CONVERSION = YES;
				GCC_WARN_ABOUT_RETURN_TYPE = YES_ERROR;
				GCC_WARN_UNDECLARED_SELECTOR = YES;
				GCC_WARN_UNINITIALIZED_AUTOS = YES_AGGRESSIVE;
				GCC_WARN_UNUSED_FUNCTION = YES;
				GCC_WARN_UNUSED_VARIABLE = YES;
				IPHONEOS_DEPLOYMENT_TARGET = 10.1;
				MTL_ENABLE_DEBUG_INFO = YES;
				ONLY_ACTIVE_ARCH = YES;
				SDKROOT = iphoneos;
				SWIFT_ACTIVE_COMPILATION_CONDITIONS = DEBUG;
				SWIFT_OPTIMIZATION_LEVEL = "-Onone";
				TARGETED_DEVICE_FAMILY = "1,2";
			};
			name = Debug;
		};
		29EBA33D1DE714BB00A86213 /* Release */ = {
			isa = XCBuildConfiguration;
			buildSettings = {
				ALWAYS_SEARCH_USER_PATHS = NO;
				CLANG_ANALYZER_NONNULL = YES;
				CLANG_CXX_LANGUAGE_STANDARD = "gnu++0x";
				CLANG_CXX_LIBRARY = "libc++";
				CLANG_ENABLE_MODULES = YES;
				CLANG_ENABLE_OBJC_ARC = YES;
				CLANG_WARN_BOOL_CONVERSION = YES;
				CLANG_WARN_CONSTANT_CONVERSION = YES;
				CLANG_WARN_DIRECT_OBJC_ISA_USAGE = YES_ERROR;
				CLANG_WARN_DOCUMENTATION_COMMENTS = YES;
				CLANG_WARN_EMPTY_BODY = YES;
				CLANG_WARN_ENUM_CONVERSION = YES;
				CLANG_WARN_INFINITE_RECURSION = YES;
				CLANG_WARN_INT_CONVERSION = YES;
				CLANG_WARN_OBJC_ROOT_CLASS = YES_ERROR;
				CLANG_WARN_SUSPICIOUS_MOVES = YES;
				CLANG_WARN_UNREACHABLE_CODE = YES;
				CLANG_WARN__DUPLICATE_METHOD_MATCH = YES;
				"CODE_SIGN_IDENTITY[sdk=iphoneos*]" = "iPhone Developer";
				COPY_PHASE_STRIP = NO;
				DEBUG_INFORMATION_FORMAT = "dwarf-with-dsym";
				ENABLE_NS_ASSERTIONS = NO;
				ENABLE_STRICT_OBJC_MSGSEND = YES;
				GCC_C_LANGUAGE_STANDARD = gnu99;
				GCC_NO_COMMON_BLOCKS = YES;
				GCC_WARN_64_TO_32_BIT_CONVERSION = YES;
				GCC_WARN_ABOUT_RETURN_TYPE = YES_ERROR;
				GCC_WARN_UNDECLARED_SELECTOR = YES;
				GCC_WARN_UNINITIALIZED_AUTOS = YES_AGGRESSIVE;
				GCC_WARN_UNUSED_FUNCTION = YES;
				GCC_WARN_UNUSED_VARIABLE = YES;
				IPHONEOS_DEPLOYMENT_TARGET = 10.1;
				MTL_ENABLE_DEBUG_INFO = NO;
				SDKROOT = iphoneos;
				SWIFT_OPTIMIZATION_LEVEL = "-Owholemodule";
				TARGETED_DEVICE_FAMILY = "1,2";
				VALIDATE_PRODUCT = YES;
			};
			name = Release;
		};
		29EBA33F1DE714BB00A86213 /* Debug */ = {
			isa = XCBuildConfiguration;
			baseConfigurationReference = 34E71BF0DCC62082C7F6EB6B /* Pods-PokeFinder.debug.xcconfig */;
			buildSettings = {
				ASSETCATALOG_COMPILER_APPICON_NAME = AppIcon;
				DEVELOPMENT_TEAM = R2HK8875FX;
				INFOPLIST_FILE = PokeFinder/Info.plist;
				LD_RUNPATH_SEARCH_PATHS = "$(inherited) @executable_path/Frameworks";
				PRODUCT_BUNDLE_IDENTIFIER = com.codecture.PokeFinder;
				PRODUCT_NAME = "$(TARGET_NAME)";
				SWIFT_OBJC_BRIDGING_HEADER = "PokeFinder/Pokefinder-Bridge-Header.h";
				SWIFT_VERSION = 3.0;
			};
			name = Debug;
		};
		29EBA3401DE714BB00A86213 /* Release */ = {
			isa = XCBuildConfiguration;
			baseConfigurationReference = B817F205C6DA43AFD4927D05 /* Pods-PokeFinder.release.xcconfig */;
			buildSettings = {
				ASSETCATALOG_COMPILER_APPICON_NAME = AppIcon;
				DEVELOPMENT_TEAM = R2HK8875FX;
				INFOPLIST_FILE = PokeFinder/Info.plist;
				LD_RUNPATH_SEARCH_PATHS = "$(inherited) @executable_path/Frameworks";
				PRODUCT_BUNDLE_IDENTIFIER = com.codecture.PokeFinder;
				PRODUCT_NAME = "$(TARGET_NAME)";
				SWIFT_OBJC_BRIDGING_HEADER = "PokeFinder/Pokefinder-Bridge-Header.h";
				SWIFT_VERSION = 3.0;
			};
			name = Release;
		};
/* End XCBuildConfiguration section */

/* Begin XCConfigurationList section */
		29EBA3271DE714BB00A86213 /* Build configuration list for PBXProject "PokeFinder" */ = {
			isa = XCConfigurationList;
			buildConfigurations = (
				29EBA33C1DE714BB00A86213 /* Debug */,
				29EBA33D1DE714BB00A86213 /* Release */,
			);
			defaultConfigurationIsVisible = 0;
			defaultConfigurationName = Release;
		};
		29EBA33E1DE714BB00A86213 /* Build configuration list for PBXNativeTarget "PokeFinder" */ = {
			isa = XCConfigurationList;
			buildConfigurations = (
				29EBA33F1DE714BB00A86213 /* Debug */,
				29EBA3401DE714BB00A86213 /* Release */,
			);
			defaultConfigurationIsVisible = 0;
			defaultConfigurationName = Release;
		};
/* End XCConfigurationList section */
	};
	rootObject = 29EBA3241DE714BB00A86213 /* Project object */;
}
